
Microsoft Visual Studio Solution File, Format Version 12.00
# Visual Studio 15
Project("{FAE04EC0-301F-11D3-BF4B-00C04F79EFBC}") = "ThemisDemoXamarin.Android", "ThemisDemoXamarin.Android\ThemisDemoXamarin.Android.csproj", "{76654A66-C224-4711-AED5-66CAE8BF9410}"
EndProject
Project("{FAE04EC0-301F-11D3-BF4B-00C04F79EFBC}") = "ThemisDemoXamarin.iOS", "ThemisDemoXamarin.iOS\ThemisDemoXamarin.iOS.csproj", "{A53A2AE4-99A3-4A96-AF6C-BD7C719D0EF0}"
EndProject
Project("{FAE04EC0-301F-11D3-BF4B-00C04F79EFBC}") = "ThemisDemoXamarin", "ThemisDemoXamarin\ThemisDemoXamarin.csproj", "{689365FF-B1E8-4278-8AE0-55B55301B604}"
EndProject
Project("{2150E333-8FDC-42A3-9474-1A3956D46DE8}") = "app", "app", "{85488F99-3F03-4846-BE13-E137636E9726}"
EndProject
Project("{2150E333-8FDC-42A3-9474-1A3956D46DE8}") = "themis", "themis", "{D8B5EB16-B204-412D-88DB-3AC987353459}"
EndProject
Project("{FAE04EC0-301F-11D3-BF4B-00C04F79EFBC}") = "themis.ios", "..\lib-bindings\themis\themis.ios\themis.ios.csproj", "{E94FC157-63E0-44FF-8E10-733278FC4686}"
EndProject
Project("{FAE04EC0-301F-11D3-BF4B-00C04F79EFBC}") = "themis.droid", "..\lib-bindings\themis\themis.droid\themis.droid\themis.droid.csproj", "{EA3D6DD7-44E8-44C3-85AE-BE76F4C08993}"
EndProject
Project("{FAE04EC0-301F-11D3-BF4B-00C04F79EFBC}") = "themis.pcl", "..\lib-bindings\themis\themis.pcl\themis.pcl.csproj", "{043CE410-3CE8-4C55-9D2D-E7C883DC31BC}"
EndProject
Project("{FAE04EC0-301F-11D3-BF4B-00C04F79EFBC}") = "themis.ios.wrapper", "..\lib-bindings\themis\themis.ios.wrapper\themis.ios.wrapper.csproj", "{7F22285B-145C-439C-9E4E-790DEE9612D4}"
EndProject
Project("{FAE04EC0-301F-11D3-BF4B-00C04F79EFBC}") = "themis.droid.wrapper", "..\lib-bindings\themis\themis.droid.wrapper\themis.droid.wrapper.csproj", "{A6264E6D-0063-4FCD-8BD6-4BCB2A5675F6}"
EndProject
Global
	GlobalSection(SolutionConfigurationPlatforms) = preSolution
		Debug|Any CPU = Debug|Any CPU
		Release|Any CPU = Release|Any CPU
		Debug|iPhoneSimulator = Debug|iPhoneSimulator
		Release|iPhoneSimulator = Release|iPhoneSimulator
		Debug|iPhone = Debug|iPhone
		Release|iPhone = Release|iPhone
	EndGlobalSection
	GlobalSection(ProjectConfigurationPlatforms) = postSolution
		{76654A66-C224-4711-AED5-66CAE8BF9410}.Debug|Any CPU.ActiveCfg = Debug|Any CPU
		{76654A66-C224-4711-AED5-66CAE8BF9410}.Debug|Any CPU.Build.0 = Debug|Any CPU
		{76654A66-C224-4711-AED5-66CAE8BF9410}.Release|Any CPU.ActiveCfg = Release|Any CPU
		{76654A66-C224-4711-AED5-66CAE8BF9410}.Release|Any CPU.Build.0 = Release|Any CPU
		{76654A66-C224-4711-AED5-66CAE8BF9410}.Debug|iPhoneSimulator.ActiveCfg = Debug|Any CPU
		{76654A66-C224-4711-AED5-66CAE8BF9410}.Debug|iPhoneSimulator.Build.0 = Debug|Any CPU
		{76654A66-C224-4711-AED5-66CAE8BF9410}.Release|iPhoneSimulator.ActiveCfg = Release|Any CPU
		{76654A66-C224-4711-AED5-66CAE8BF9410}.Release|iPhoneSimulator.Build.0 = Release|Any CPU
		{76654A66-C224-4711-AED5-66CAE8BF9410}.Debug|iPhone.ActiveCfg = Debug|Any CPU
		{76654A66-C224-4711-AED5-66CAE8BF9410}.Debug|iPhone.Build.0 = Debug|Any CPU
		{76654A66-C224-4711-AED5-66CAE8BF9410}.Release|iPhone.ActiveCfg = Release|Any CPU
		{76654A66-C224-4711-AED5-66CAE8BF9410}.Release|iPhone.Build.0 = Release|Any CPU
		{A53A2AE4-99A3-4A96-AF6C-BD7C719D0EF0}.Debug|Any CPU.ActiveCfg = Debug|iPhoneSimulator
		{A53A2AE4-99A3-4A96-AF6C-BD7C719D0EF0}.Debug|Any CPU.Build.0 = Debug|iPhoneSimulator
		{A53A2AE4-99A3-4A96-AF6C-BD7C719D0EF0}.Release|Any CPU.ActiveCfg = Release|iPhoneSimulator
		{A53A2AE4-99A3-4A96-AF6C-BD7C719D0EF0}.Release|Any CPU.Build.0 = Release|iPhoneSimulator
		{A53A2AE4-99A3-4A96-AF6C-BD7C719D0EF0}.Debug|iPhoneSimulator.ActiveCfg = Debug|iPhoneSimulator
		{A53A2AE4-99A3-4A96-AF6C-BD7C719D0EF0}.Debug|iPhoneSimulator.Build.0 = Debug|iPhoneSimulator
		{A53A2AE4-99A3-4A96-AF6C-BD7C719D0EF0}.Release|iPhoneSimulator.ActiveCfg = Release|iPhoneSimulator
		{A53A2AE4-99A3-4A96-AF6C-BD7C719D0EF0}.Release|iPhoneSimulator.Build.0 = Release|iPhoneSimulator
		{A53A2AE4-99A3-4A96-AF6C-BD7C719D0EF0}.Debug|iPhone.ActiveCfg = Debug|iPhone
		{A53A2AE4-99A3-4A96-AF6C-BD7C719D0EF0}.Debug|iPhone.Build.0 = Debug|iPhone
		{A53A2AE4-99A3-4A96-AF6C-BD7C719D0EF0}.Release|iPhone.ActiveCfg = Release|iPhone
		{A53A2AE4-99A3-4A96-AF6C-BD7C719D0EF0}.Release|iPhone.Build.0 = Release|iPhone
		{689365FF-B1E8-4278-8AE0-55B55301B604}.Debug|Any CPU.ActiveCfg = Debug|Any CPU
		{689365FF-B1E8-4278-8AE0-55B55301B604}.Debug|Any CPU.Build.0 = Debug|Any CPU
		{689365FF-B1E8-4278-8AE0-55B55301B604}.Release|Any CPU.ActiveCfg = Release|Any CPU
		{689365FF-B1E8-4278-8AE0-55B55301B604}.Release|Any CPU.Build.0 = Release|Any CPU
		{689365FF-B1E8-4278-8AE0-55B55301B604}.Debug|iPhoneSimulator.ActiveCfg = Debug|Any CPU
		{689365FF-B1E8-4278-8AE0-55B55301B604}.Debug|iPhoneSimulator.Build.0 = Debug|Any CPU
		{689365FF-B1E8-4278-8AE0-55B55301B604}.Release|iPhoneSimulator.ActiveCfg = Release|Any CPU
		{689365FF-B1E8-4278-8AE0-55B55301B604}.Release|iPhoneSimulator.Build.0 = Release|Any CPU
		{689365FF-B1E8-4278-8AE0-55B55301B604}.Debug|iPhone.ActiveCfg = Debug|Any CPU
		{689365FF-B1E8-4278-8AE0-55B55301B604}.Debug|iPhone.Build.0 = Debug|Any CPU
		{689365FF-B1E8-4278-8AE0-55B55301B604}.Release|iPhone.ActiveCfg = Release|Any CPU
		{689365FF-B1E8-4278-8AE0-55B55301B604}.Release|iPhone.Build.0 = Release|Any CPU
		{E94FC157-63E0-44FF-8E10-733278FC4686}.Debug|Any CPU.ActiveCfg = Debug|Any CPU
		{E94FC157-63E0-44FF-8E10-733278FC4686}.Debug|Any CPU.Build.0 = Debug|Any CPU
		{E94FC157-63E0-44FF-8E10-733278FC4686}.Release|Any CPU.ActiveCfg = Release|Any CPU
		{E94FC157-63E0-44FF-8E10-733278FC4686}.Release|Any CPU.Build.0 = Release|Any CPU
		{E94FC157-63E0-44FF-8E10-733278FC4686}.Debug|iPhoneSimulator.ActiveCfg = Debug|Any CPU
		{E94FC157-63E0-44FF-8E10-733278FC4686}.Debug|iPhoneSimulator.Build.0 = Debug|Any CPU
		{E94FC157-63E0-44FF-8E10-733278FC4686}.Release|iPhoneSimulator.ActiveCfg = Release|Any CPU
		{E94FC157-63E0-44FF-8E10-733278FC4686}.Release|iPhoneSimulator.Build.0 = Release|Any CPU
		{E94FC157-63E0-44FF-8E10-733278FC4686}.Debug|iPhone.ActiveCfg = Debug|Any CPU
		{E94FC157-63E0-44FF-8E10-733278FC4686}.Debug|iPhone.Build.0 = Debug|Any CPU
		{E94FC157-63E0-44FF-8E10-733278FC4686}.Release|iPhone.ActiveCfg = Release|Any CPU
		{E94FC157-63E0-44FF-8E10-733278FC4686}.Release|iPhone.Build.0 = Release|Any CPU
		{EA3D6DD7-44E8-44C3-85AE-BE76F4C08993}.Debug|Any CPU.ActiveCfg = Debug|Any CPU
		{EA3D6DD7-44E8-44C3-85AE-BE76F4C08993}.Debug|Any CPU.Build.0 = Debug|Any CPU
		{EA3D6DD7-44E8-44C3-85AE-BE76F4C08993}.Release|Any CPU.ActiveCfg = Release|Any CPU
		{EA3D6DD7-44E8-44C3-85AE-BE76F4C08993}.Release|Any CPU.Build.0 = Release|Any CPU
		{EA3D6DD7-44E8-44C3-85AE-BE76F4C08993}.Debug|iPhoneSimulator.ActiveCfg = Debug|Any CPU
		{EA3D6DD7-44E8-44C3-85AE-BE76F4C08993}.Debug|iPhoneSimulator.Build.0 = Debug|Any CPU
		{EA3D6DD7-44E8-44C3-85AE-BE76F4C08993}.Release|iPhoneSimulator.ActiveCfg = Release|Any CPU
		{EA3D6DD7-44E8-44C3-85AE-BE76F4C08993}.Release|iPhoneSimulator.Build.0 = Release|Any CPU
		{EA3D6DD7-44E8-44C3-85AE-BE76F4C08993}.Debug|iPhone.ActiveCfg = Debug|Any CPU
		{EA3D6DD7-44E8-44C3-85AE-BE76F4C08993}.Debug|iPhone.Build.0 = Debug|Any CPU
		{EA3D6DD7-44E8-44C3-85AE-BE76F4C08993}.Release|iPhone.ActiveCfg = Release|Any CPU
		{EA3D6DD7-44E8-44C3-85AE-BE76F4C08993}.Release|iPhone.Build.0 = Release|Any CPU
		{043CE410-3CE8-4C55-9D2D-E7C883DC31BC}.Debug|Any CPU.ActiveCfg = Debug|Any CPU
		{043CE410-3CE8-4C55-9D2D-E7C883DC31BC}.Debug|Any CPU.Build.0 = Debug|Any CPU
		{043CE410-3CE8-4C55-9D2D-E7C883DC31BC}.Release|Any CPU.ActiveCfg = Release|Any CPU
		{043CE410-3CE8-4C55-9D2D-E7C883DC31BC}.Release|Any CPU.Build.0 = Release|Any CPU
		{043CE410-3CE8-4C55-9D2D-E7C883DC31BC}.Debug|iPhoneSimulator.ActiveCfg = Debug|Any CPU
		{043CE410-3CE8-4C55-9D2D-E7C883DC31BC}.Debug|iPhoneSimulator.Build.0 = Debug|Any CPU
		{043CE410-3CE8-4C55-9D2D-E7C883DC31BC}.Release|iPhoneSimulator.ActiveCfg = Release|Any CPU
		{043CE410-3CE8-4C55-9D2D-E7C883DC31BC}.Release|iPhoneSimulator.Build.0 = Release|Any CPU
		{043CE410-3CE8-4C55-9D2D-E7C883DC31BC}.Debug|iPhone.ActiveCfg = Debug|Any CPU
		{043CE410-3CE8-4C55-9D2D-E7C883DC31BC}.Debug|iPhone.Build.0 = Debug|Any CPU
		{043CE410-3CE8-4C55-9D2D-E7C883DC31BC}.Release|iPhone.ActiveCfg = Release|Any CPU
		{043CE410-3CE8-4C55-9D2D-E7C883DC31BC}.Release|iPhone.Build.0 = Release|Any CPU
		{7F22285B-145C-439C-9E4E-790DEE9612D4}.Debug|Any CPU.ActiveCfg = Debug|Any CPU
		{7F22285B-145C-439C-9E4E-790DEE9612D4}.Debug|Any CPU.Build.0 = Debug|Any CPU
		{7F22285B-145C-439C-9E4E-790DEE9612D4}.Release|Any CPU.ActiveCfg = Release|Any CPU
		{7F22285B-145C-439C-9E4E-790DEE9612D4}.Release|Any CPU.Build.0 = Release|Any CPU
		{7F22285B-145C-439C-9E4E-790DEE9612D4}.Debug|iPhoneSimulator.ActiveCfg = Debug|Any CPU
		{7F22285B-145C-439C-9E4E-790DEE9612D4}.Debug|iPhoneSimulator.Build.0 = Debug|Any CPU
		{7F22285B-145C-439C-9E4E-790DEE9612D4}.Release|iPhoneSimulator.ActiveCfg = Release|Any CPU
		{7F22285B-145C-439C-9E4E-790DEE9612D4}.Release|iPhoneSimulator.Build.0 = Release|Any CPU
		{7F22285B-145C-439C-9E4E-790DEE9612D4}.Debug|iPhone.ActiveCfg = Debug|Any CPU
		{7F22285B-145C-439C-9E4E-790DEE9612D4}.Debug|iPhone.Build.0 = Debug|Any CPU
		{7F22285B-145C-439C-9E4E-790DEE9612D4}.Release|iPhone.ActiveCfg = Release|Any CPU
		{7F22285B-145C-439C-9E4E-790DEE9612D4}.Release|iPhone.Build.0 = Release|Any CPU
		{A6264E6D-0063-4FCD-8BD6-4BCB2A5675F6}.Debug|Any CPU.ActiveCfg = Debug|Any CPU
		{A6264E6D-0063-4FCD-8BD6-4BCB2A5675F6}.Debug|Any CPU.Build.0 = Debug|Any CPU
		{A6264E6D-0063-4FCD-8BD6-4BCB2A5675F6}.Release|Any CPU.ActiveCfg = Release|Any CPU
		{A6264E6D-0063-4FCD-8BD6-4BCB2A5675F6}.Release|Any CPU.Build.0 = Release|Any CPU
		{A6264E6D-0063-4FCD-8BD6-4BCB2A5675F6}.Debug|iPhoneSimulator.ActiveCfg = Debug|Any CPU
		{A6264E6D-0063-4FCD-8BD6-4BCB2A5675F6}.Debug|iPhoneSimulator.Build.0 = Debug|Any CPU
		{A6264E6D-0063-4FCD-8BD6-4BCB2A5675F6}.Release|iPhoneSimulator.ActiveCfg = Release|Any CPU
		{A6264E6D-0063-4FCD-8BD6-4BCB2A5675F6}.Release|iPhoneSimulator.Build.0 = Release|Any CPU
		{A6264E6D-0063-4FCD-8BD6-4BCB2A5675F6}.Debug|iPhone.ActiveCfg = Debug|Any CPU
		{A6264E6D-0063-4FCD-8BD6-4BCB2A5675F6}.Debug|iPhone.Build.0 = Debug|Any CPU
		{A6264E6D-0063-4FCD-8BD6-4BCB2A5675F6}.Release|iPhone.ActiveCfg = Release|Any CPU
		{A6264E6D-0063-4FCD-8BD6-4BCB2A5675F6}.Release|iPhone.Build.0 = Release|Any CPU
	EndGlobalSection
	GlobalSection(NestedProjects) = preSolution
		{689365FF-B1E8-4278-8AE0-55B55301B604} = {85488F99-3F03-4846-BE13-E137636E9726}
		{76654A66-C224-4711-AED5-66CAE8BF9410} = {85488F99-3F03-4846-BE13-E137636E9726}
		{A53A2AE4-99A3-4A96-AF6C-BD7C719D0EF0} = {85488F99-3F03-4846-BE13-E137636E9726}
		{E94FC157-63E0-44FF-8E10-733278FC4686} = {D8B5EB16-B204-412D-88DB-3AC987353459}
		{EA3D6DD7-44E8-44C3-85AE-BE76F4C08993} = {D8B5EB16-B204-412D-88DB-3AC987353459}
		{043CE410-3CE8-4C55-9D2D-E7C883DC31BC} = {D8B5EB16-B204-412D-88DB-3AC987353459}
		{7F22285B-145C-439C-9E4E-790DEE9612D4} = {D8B5EB16-B204-412D-88DB-3AC987353459}
		{A6264E6D-0063-4FCD-8BD6-4BCB2A5675F6} = {D8B5EB16-B204-412D-88DB-3AC987353459}
	EndGlobalSection
EndGlobal
